
Microsoft Visual Studio Solution File, Format Version 12.00
# Visual Studio Version 17
VisualStudioVersion = 17.9.34728.123
MinimumVisualStudioVersion = 10.0.40219.1
Project("{FAE04EC0-301F-11D3-BF4B-00C04F79EFBC}") = "EcoPark Manager", "EcoPark Manager.csproj", "{D94AE1F3-8EAE-40BF-9A1D-0BDEF3B32BF8}"
EndProject
Global
	GlobalSection(SolutionConfigurationPlatforms) = preSolution
		Debug|Any CPU = Debug|Any CPU
		Release|Any CPU = Release|Any CPU
	EndGlobalSection
	GlobalSection(ProjectConfigurationPlatforms) = postSolution
		{D94AE1F3-8EAE-40BF-9A1D-0BDEF3B32BF8}.Debug|Any CPU.ActiveCfg = Debug|Any CPU
		{D94AE1F3-8EAE-40BF-9A1D-0BDEF3B32BF8}.Debug|Any CPU.Build.0 = Debug|Any CPU
		{D94AE1F3-8EAE-40BF-9A1D-0BDEF3B32BF8}.Release|Any CPU.ActiveCfg = Release|Any CPU
		{D94AE1F3-8EAE-40BF-9A1D-0BDEF3B32BF8}.Release|Any CPU.Build.0 = Release|Any CPU
	EndGlobalSection
	GlobalSection(SolutionProperties) = preSolution
		HideSolutionNode = FALSE
	EndGlobalSection
	GlobalSection(ExtensibilityGlobals) = postSolution
		SolutionGuid = {7619E1D2-4F00-44AC-8208-BA98F2D75946}
	EndGlobalSection
EndGlobal
